
Microsoft Visual Studio Solution File, Format Version 12.00
# Visual Studio Version 17
VisualStudioVersion = 17.0.31903.59
MinimumVisualStudioVersion = 10.0.40219.1
Project("{2150E333-8FDC-42A3-9474-1A3956D46DE8}") = "src", "src", "{827E0CD3-B72D-47B6-A68D-7590B98EB39B}"
EndProject
Project("{FAE04EC0-301F-11D3-BF4B-00C04F79EFBC}") = "TierList.Domain", "src\TierList.Domain\TierList.Domain.csproj", "{1BAB3CC3-87CB-4253-ADF7-BD40959494A4}"
EndProject
Project("{FAE04EC0-301F-11D3-BF4B-00C04F79EFBC}") = "TierList.Application", "src\TierList.Application\TierList.Application.csproj", "{813FE795-075B-4099-B4DD-26AC2A23E978}"
EndProject
Project("{FAE04EC0-301F-11D3-BF4B-00C04F79EFBC}") = "TierList.Infrastructure", "src\TierList.Infrastructure\TierList.Infrastructure.csproj", "{A23E14B1-61E4-4E69-8F7B-ED76C8434662}"
EndProject
Project("{FAE04EC0-301F-11D3-BF4B-00C04F79EFBC}") = "TierList.WebAPI", "src\TierList.WebAPI\TierList.WebAPI.csproj", "{73084137-75B7-4F4B-80BF-2C3F34FF623D}"
EndProject
Global
	GlobalSection(SolutionConfigurationPlatforms) = preSolution
		Debug|Any CPU = Debug|Any CPU
		Debug|x64 = Debug|x64
		Debug|x86 = Debug|x86
		Release|Any CPU = Release|Any CPU
		Release|x64 = Release|x64
		Release|x86 = Release|x86
	EndGlobalSection
	GlobalSection(ProjectConfigurationPlatforms) = postSolution
		{1BAB3CC3-87CB-4253-ADF7-BD40959494A4}.Debug|Any CPU.ActiveCfg = Debug|Any CPU
		{1BAB3CC3-87CB-4253-ADF7-BD40959494A4}.Debug|Any CPU.Build.0 = Debug|Any CPU
		{1BAB3CC3-87CB-4253-ADF7-BD40959494A4}.Debug|x64.ActiveCfg = Debug|Any CPU
		{1BAB3CC3-87CB-4253-ADF7-BD40959494A4}.Debug|x64.Build.0 = Debug|Any CPU
		{1BAB3CC3-87CB-4253-ADF7-BD40959494A4}.Debug|x86.ActiveCfg = Debug|Any CPU
		{1BAB3CC3-87CB-4253-ADF7-BD40959494A4}.Debug|x86.Build.0 = Debug|Any CPU
		{1BAB3CC3-87CB-4253-ADF7-BD40959494A4}.Release|Any CPU.ActiveCfg = Release|Any CPU
		{1BAB3CC3-87CB-4253-ADF7-BD40959494A4}.Release|Any CPU.Build.0 = Release|Any CPU
		{1BAB3CC3-87CB-4253-ADF7-BD40959494A4}.Release|x64.ActiveCfg = Release|Any CPU
		{1BAB3CC3-87CB-4253-ADF7-BD40959494A4}.Release|x64.Build.0 = Release|Any CPU
		{1BAB3CC3-87CB-4253-ADF7-BD40959494A4}.Release|x86.ActiveCfg = Release|Any CPU
		{1BAB3CC3-87CB-4253-ADF7-BD40959494A4}.Release|x86.Build.0 = Release|Any CPU
		{813FE795-075B-4099-B4DD-26AC2A23E978}.Debug|Any CPU.ActiveCfg = Debug|Any CPU
		{813FE795-075B-4099-B4DD-26AC2A23E978}.Debug|Any CPU.Build.0 = Debug|Any CPU
		{813FE795-075B-4099-B4DD-26AC2A23E978}.Debug|x64.ActiveCfg = Debug|Any CPU
		{813FE795-075B-4099-B4DD-26AC2A23E978}.Debug|x64.Build.0 = Debug|Any CPU
		{813FE795-075B-4099-B4DD-26AC2A23E978}.Debug|x86.ActiveCfg = Debug|Any CPU
		{813FE795-075B-4099-B4DD-26AC2A23E978}.Debug|x86.Build.0 = Debug|Any CPU
		{813FE795-075B-4099-B4DD-26AC2A23E978}.Release|Any CPU.ActiveCfg = Release|Any CPU
		{813FE795-075B-4099-B4DD-26AC2A23E978}.Release|Any CPU.Build.0 = Release|Any CPU
		{813FE795-075B-4099-B4DD-26AC2A23E978}.Release|x64.ActiveCfg = Release|Any CPU
		{813FE795-075B-4099-B4DD-26AC2A23E978}.Release|x64.Build.0 = Release|Any CPU
		{813FE795-075B-4099-B4DD-26AC2A23E978}.Release|x86.ActiveCfg = Release|Any CPU
		{813FE795-075B-4099-B4DD-26AC2A23E978}.Release|x86.Build.0 = Release|Any CPU
		{A23E14B1-61E4-4E69-8F7B-ED76C8434662}.Debug|Any CPU.ActiveCfg = Debug|Any CPU
		{A23E14B1-61E4-4E69-8F7B-ED76C8434662}.Debug|Any CPU.Build.0 = Debug|Any CPU
		{A23E14B1-61E4-4E69-8F7B-ED76C8434662}.Debug|x64.ActiveCfg = Debug|Any CPU
		{A23E14B1-61E4-4E69-8F7B-ED76C8434662}.Debug|x64.Build.0 = Debug|Any CPU
		{A23E14B1-61E4-4E69-8F7B-ED76C8434662}.Debug|x86.ActiveCfg = Debug|Any CPU
		{A23E14B1-61E4-4E69-8F7B-ED76C8434662}.Debug|x86.Build.0 = Debug|Any CPU
		{A23E14B1-61E4-4E69-8F7B-ED76C8434662}.Release|Any CPU.ActiveCfg = Release|Any CPU
		{A23E14B1-61E4-4E69-8F7B-ED76C8434662}.Release|Any CPU.Build.0 = Release|Any CPU
		{A23E14B1-61E4-4E69-8F7B-ED76C8434662}.Release|x64.ActiveCfg = Release|Any CPU
		{A23E14B1-61E4-4E69-8F7B-ED76C8434662}.Release|x64.Build.0 = Release|Any CPU
		{A23E14B1-61E4-4E69-8F7B-ED76C8434662}.Release|x86.ActiveCfg = Release|Any CPU
		{A23E14B1-61E4-4E69-8F7B-ED76C8434662}.Release|x86.Build.0 = Release|Any CPU
		{73084137-75B7-4F4B-80BF-2C3F34FF623D}.Debug|Any CPU.ActiveCfg = Debug|Any CPU
		{73084137-75B7-4F4B-80BF-2C3F34FF623D}.Debug|Any CPU.Build.0 = Debug|Any CPU
		{73084137-75B7-4F4B-80BF-2C3F34FF623D}.Debug|x64.ActiveCfg = Debug|Any CPU
		{73084137-75B7-4F4B-80BF-2C3F34FF623D}.Debug|x64.Build.0 = Debug|Any CPU
		{73084137-75B7-4F4B-80BF-2C3F34FF623D}.Debug|x86.ActiveCfg = Debug|Any CPU
		{73084137-75B7-4F4B-80BF-2C3F34FF623D}.Debug|x86.Build.0 = Debug|Any CPU
		{73084137-75B7-4F4B-80BF-2C3F34FF623D}.Release|Any CPU.ActiveCfg = Release|Any CPU
		{73084137-75B7-4F4B-80BF-2C3F34FF623D}.Release|Any CPU.Build.0 = Release|Any CPU
		{73084137-75B7-4F4B-80BF-2C3F34FF623D}.Release|x64.ActiveCfg = Release|Any CPU
		{73084137-75B7-4F4B-80BF-2C3F34FF623D}.Release|x64.Build.0 = Release|Any CPU
		{73084137-75B7-4F4B-80BF-2C3F34FF623D}.Release|x86.ActiveCfg = Release|Any CPU
		{73084137-75B7-4F4B-80BF-2C3F34FF623D}.Release|x86.Build.0 = Release|Any CPU
	EndGlobalSection
	GlobalSection(SolutionProperties) = preSolution
		HideSolutionNode = FALSE
	EndGlobalSection
	GlobalSection(NestedProjects) = preSolution
		{1BAB3CC3-87CB-4253-ADF7-BD40959494A4} = {827E0CD3-B72D-47B6-A68D-7590B98EB39B}
		{813FE795-075B-4099-B4DD-26AC2A23E978} = {827E0CD3-B72D-47B6-A68D-7590B98EB39B}
		{A23E14B1-61E4-4E69-8F7B-ED76C8434662} = {827E0CD3-B72D-47B6-A68D-7590B98EB39B}
		{73084137-75B7-4F4B-80BF-2C3F34FF623D} = {827E0CD3-B72D-47B6-A68D-7590B98EB39B}
	EndGlobalSection
EndGlobal
